<?xml version="1.0" encoding="utf-8"?>
<Project ToolsVersion="4.0" xmlns="http://schemas.microsoft.com/developer/msbuild/2003">
  <ItemGroup>
    <Filter Include="源文件">
      <UniqueIdentifier>{4FC737F1-C7A5-4376-A066-2A32D752A2FF}</UniqueIdentifier>
      <Extensions>cpp;c;cc;cxx;def;odl;idl;hpj;bat;asm;asmx</Extensions>
    </Filter>
    <Filter Include="头文件">
      <UniqueIdentifier>{93995380-89BD-4b04-88EB-625FBE52EBFB}</UniqueIdentifier>
      <Extensions>h;hh;hpp;hxx;hm;inl;inc;ipp;xsd</Extensions>
    </Filter>
    <Filter Include="资源文件">
      <UniqueIdentifier>{67DA6AB6-F800-4c08-8B7A-83BB121AAD01}</UniqueIdentifier>
      <Extensions>rc;ico;cur;bmp;dlg;rc2;rct;bin;rgs;gif;jpg;jpeg;jpe;resx;tiff;tif;png;wav;mfcribbon-ms</Extensions>
    </Filter>
    <Filter Include="头文件\Object">
      <UniqueIdentifier>{f1f9c3f1-99cf-47ad-946a-e605d037f465}</UniqueIdentifier>
    </Filter>
    <Filter Include="头文件\Util">
      <UniqueIdentifier>{a468836d-0d93-4d61-97e2-67ebdd1315a7}</UniqueIdentifier>
    </Filter>
    <Filter Include="头文件\Optimizer">
      <UniqueIdentifier>{44221493-8ab6-44ce-bacc-4872df6dd757}</UniqueIdentifier>
    </Filter>
    <Filter Include="头文件\Model">
      <UniqueIdentifier>{4721e687-bbe0-45a0-9a01-547e672ed486}</UniqueIdentifier>
    </Filter>
    <Filter Include="源文件\Model">
      <UniqueIdentifier>{8f06cf6b-d618-4e27-a08d-6f96144a056a}</UniqueIdentifier>
    </Filter>
    <Filter Include="源文件\Optimizer">
      <UniqueIdentifier>{b1564e88-ab92-42bf-bd66-8993ef30c049}</UniqueIdentifier>
    </Filter>
    <Filter Include="源文件\Util">
      <UniqueIdentifier>{1f5bccb4-2da8-4e79-af66-579d8efe9fd8}</UniqueIdentifier>
    </Filter>
    <Filter Include="头文件\rapidjson">
      <UniqueIdentifier>{4ebc5cbc-eff5-4623-9991-326e09c84031}</UniqueIdentifier>
    </Filter>
  </ItemGroup>
  <ItemGroup>
    <ClCompile Include="main.cpp">
      <Filter>源文件</Filter>
    </ClCompile>
    <ClCompile Include="config.cpp">
      <Filter>源文件</Filter>
    </ClCompile>
    <ClCompile Include="Util.cpp">
      <Filter>源文件\Util</Filter>
    </ClCompile>
    <ClCompile Include="TestUtil.cpp">
      <Filter>源文件\Util</Filter>
    </ClCompile>
    <ClCompile Include="Svrg.cpp">
      <Filter>源文件\Optimizer</Filter>
    </ClCompile>
    <ClCompile Include="Slbfgs.cpp">
      <Filter>源文件\Optimizer</Filter>
    </ClCompile>
    <ClCompile Include="Sbbfgs.cpp">
      <Filter>源文件\Optimizer</Filter>
    </ClCompile>
    <ClCompile Include="Optimizer.cpp">
      <Filter>源文件\Optimizer</Filter>
    </ClCompile>
    <ClCompile Include="NewSamp.cpp">
      <Filter>源文件\Optimizer</Filter>
    </ClCompile>
    <ClCompile Include="Lissa.cpp">
      <Filter>源文件\Optimizer</Filter>
    </ClCompile>
    <ClCompile Include="Lant.cpp">
      <Filter>源文件\Optimizer</Filter>
    </ClCompile>
    <ClCompile Include="GD.cpp">
      <Filter>源文件\Optimizer</Filter>
    </ClCompile>
    <ClCompile Include="Logistic.cpp">
      <Filter>源文件\Model</Filter>
    </ClCompile>
    <ClCompile Include="Model.cpp">
      <Filter>源文件\Model</Filter>
    </ClCompile>
    <ClCompile Include="Factory.cpp">
      <Filter>源文件\Util</Filter>
    </ClCompile>
    <ClCompile Include="easylogging++.cc">
      <Filter>源文件\Util</Filter>
    </ClCompile>
    <ClCompile Include="LSvm.cpp">
      <Filter>源文件\Model</Filter>
    </ClCompile>
  </ItemGroup>
  <ItemGroup>
    <ClInclude Include="config.h">
      <Filter>头文件</Filter>
    </ClInclude>
    <ClInclude Include="Param.hpp">
      <Filter>头文件\Object</Filter>
    </ClInclude>
    <ClInclude Include="TestUtil.h">
      <Filter>头文件\Util</Filter>
    </ClInclude>
    <ClInclude Include="Util.h">
      <Filter>头文件\Util</Filter>
    </ClInclude>
    <ClInclude Include="Sbbfgs.h">
      <Filter>头文件\Optimizer</Filter>
    </ClInclude>
    <ClInclude Include="Slbfgs.h">
      <Filter>头文件\Optimizer</Filter>
    </ClInclude>
    <ClInclude Include="Optimizer.h">
      <Filter>头文件\Optimizer</Filter>
    </ClInclude>
    <ClInclude Include="NewSamp.h">
      <Filter>头文件\Optimizer</Filter>
    </ClInclude>
    <ClInclude Include="GD.h">
      <Filter>头文件\Optimizer</Filter>
    </ClInclude>
    <ClInclude Include="Lissa.h">
      <Filter>头文件\Optimizer</Filter>
    </ClInclude>
    <ClInclude Include="Lant.h">
      <Filter>头文件\Optimizer</Filter>
    </ClInclude>
    <ClInclude Include="Factory.h">
      <Filter>头文件\Util</Filter>
    </ClInclude>
    <ClInclude Include="Svrg.h">
      <Filter>头文件\Optimizer</Filter>
    </ClInclude>
    <ClInclude Include="Records.hpp">
      <Filter>头文件\Object</Filter>
    </ClInclude>
    <ClInclude Include="Logistic.h">
      <Filter>头文件\Model</Filter>
    </ClInclude>
    <ClInclude Include="Model.h">
      <Filter>头文件\Model</Filter>
    </ClInclude>
    <ClInclude Include="easylogging++.h">
      <Filter>头文件\Util</Filter>
    </ClInclude>
    <ClInclude Include="Context.hpp">
      <Filter>头文件\Util</Filter>
    </ClInclude>
    <ClInclude Include="MemFactory.hpp">
      <Filter>头文件\Util</Filter>
    </ClInclude>
    <ClInclude Include="getopt.hpp">
      <Filter>头文件</Filter>
    </ClInclude>
    <ClInclude Include="json.hpp">
      <Filter>头文件</Filter>
    </ClInclude>
    <ClInclude Include="LSvm.h">
      <Filter>头文件\Model</Filter>
    </ClInclude>
  </ItemGroup>
</Project>